
Microsoft Visual Studio Solution File, Format Version 12.00
Project("{FAE04EC0-301F-11D3-BF4B-00C04F79EFBC}") = "6502 Decompiler", "6502 Decompiler\6502 Decompiler.csproj", "{B6EFB677-14C9-4BF2-87F2-645B61EF902B}"
EndProject
Global
	GlobalSection(SolutionConfigurationPlatforms) = preSolution
		Debug|Any CPU = Debug|Any CPU
		Release|Any CPU = Release|Any CPU
	EndGlobalSection
	GlobalSection(ProjectConfigurationPlatforms) = postSolution
		{B6EFB677-14C9-4BF2-87F2-645B61EF902B}.Debug|Any CPU.ActiveCfg = Debug|Any CPU
		{B6EFB677-14C9-4BF2-87F2-645B61EF902B}.Debug|Any CPU.Build.0 = Debug|Any CPU
		{B6EFB677-14C9-4BF2-87F2-645B61EF902B}.Release|Any CPU.ActiveCfg = Release|Any CPU
		{B6EFB677-14C9-4BF2-87F2-645B61EF902B}.Release|Any CPU.Build.0 = Release|Any CPU
	EndGlobalSection
EndGlobal
